
Microsoft Visual Studio Solution File, Format Version 12.00
# Visual Studio Version 17
VisualStudioVersion = 17.6.33717.318
MinimumVisualStudioVersion = 10.0.40219.1
Project("{FAE04EC0-301F-11D3-BF4B-00C04F79EFBC}") = "kom_zkouska_vap", "kom_zkouska_vap\kom_zkouska_vap.csproj", "{A028A8D4-262C-4678-A99B-F8B133B0AF07}"
EndProject
Global
	GlobalSection(SolutionConfigurationPlatforms) = preSolution
		Debug|Any CPU = Debug|Any CPU
		Release|Any CPU = Release|Any CPU
	EndGlobalSection
	GlobalSection(ProjectConfigurationPlatforms) = postSolution
		{A028A8D4-262C-4678-A99B-F8B133B0AF07}.Debug|Any CPU.ActiveCfg = Debug|Any CPU
		{A028A8D4-262C-4678-A99B-F8B133B0AF07}.Debug|Any CPU.Build.0 = Debug|Any CPU
		{A028A8D4-262C-4678-A99B-F8B133B0AF07}.Release|Any CPU.ActiveCfg = Release|Any CPU
		{A028A8D4-262C-4678-A99B-F8B133B0AF07}.Release|Any CPU.Build.0 = Release|Any CPU
	EndGlobalSection
	GlobalSection(SolutionProperties) = preSolution
		HideSolutionNode = FALSE
	EndGlobalSection
	GlobalSection(ExtensibilityGlobals) = postSolution
		SolutionGuid = {33E60694-F792-4619-AB1F-163CB51499A2}
	EndGlobalSection
EndGlobal
